
Microsoft Visual Studio Solution File, Format Version 11.00
# Visual Studio 2010
Project("{FAE04EC0-301F-11D3-BF4B-00C04F79EFBC}") = "Hankey", "Hankey\Hankey.csproj", "{B9B2D2FE-5106-4A34-A993-14F9D695B82A}"
EndProject
Project("{FAE04EC0-301F-11D3-BF4B-00C04F79EFBC}") = "testlogin", "testlogin\testlogin.csproj", "{EE4B94B5-D424-4381-B89D-6E3CE51CA98A}"
EndProject
Global
	GlobalSection(SolutionConfigurationPlatforms) = preSolution
		Debug|Any CPU = Debug|Any CPU
		Debug|Mixed Platforms = Debug|Mixed Platforms
		Debug|x86 = Debug|x86
		Release|Any CPU = Release|Any CPU
		Release|Mixed Platforms = Release|Mixed Platforms
		Release|x86 = Release|x86
	EndGlobalSection
	GlobalSection(ProjectConfigurationPlatforms) = postSolution
		{B9B2D2FE-5106-4A34-A993-14F9D695B82A}.Debug|Any CPU.ActiveCfg = Debug|x86
		{B9B2D2FE-5106-4A34-A993-14F9D695B82A}.Debug|Mixed Platforms.ActiveCfg = Debug|x86
		{B9B2D2FE-5106-4A34-A993-14F9D695B82A}.Debug|Mixed Platforms.Build.0 = Debug|x86
		{B9B2D2FE-5106-4A34-A993-14F9D695B82A}.Debug|x86.ActiveCfg = Debug|x86
		{B9B2D2FE-5106-4A34-A993-14F9D695B82A}.Debug|x86.Build.0 = Debug|x86
		{B9B2D2FE-5106-4A34-A993-14F9D695B82A}.Release|Any CPU.ActiveCfg = Release|x86
		{B9B2D2FE-5106-4A34-A993-14F9D695B82A}.Release|Mixed Platforms.ActiveCfg = Release|x86
		{B9B2D2FE-5106-4A34-A993-14F9D695B82A}.Release|Mixed Platforms.Build.0 = Release|x86
		{B9B2D2FE-5106-4A34-A993-14F9D695B82A}.Release|x86.ActiveCfg = Release|x86
		{B9B2D2FE-5106-4A34-A993-14F9D695B82A}.Release|x86.Build.0 = Release|x86
		{EE4B94B5-D424-4381-B89D-6E3CE51CA98A}.Debug|Any CPU.ActiveCfg = Debug|Any CPU
		{EE4B94B5-D424-4381-B89D-6E3CE51CA98A}.Debug|Any CPU.Build.0 = Debug|Any CPU
		{EE4B94B5-D424-4381-B89D-6E3CE51CA98A}.Debug|Mixed Platforms.ActiveCfg = Debug|Any CPU
		{EE4B94B5-D424-4381-B89D-6E3CE51CA98A}.Debug|Mixed Platforms.Build.0 = Debug|Any CPU
		{EE4B94B5-D424-4381-B89D-6E3CE51CA98A}.Debug|x86.ActiveCfg = Debug|Any CPU
		{EE4B94B5-D424-4381-B89D-6E3CE51CA98A}.Release|Any CPU.ActiveCfg = Release|Any CPU
		{EE4B94B5-D424-4381-B89D-6E3CE51CA98A}.Release|Any CPU.Build.0 = Release|Any CPU
		{EE4B94B5-D424-4381-B89D-6E3CE51CA98A}.Release|Mixed Platforms.ActiveCfg = Release|Any CPU
		{EE4B94B5-D424-4381-B89D-6E3CE51CA98A}.Release|Mixed Platforms.Build.0 = Release|Any CPU
		{EE4B94B5-D424-4381-B89D-6E3CE51CA98A}.Release|x86.ActiveCfg = Release|Any CPU
	EndGlobalSection
	GlobalSection(SolutionProperties) = preSolution
		HideSolutionNode = FALSE
	EndGlobalSection
EndGlobal
